
Microsoft Visual Studio Solution File, Format Version 12.00
# Visual Studio Version 16
VisualStudioVersion = 16.0.32228.343
MinimumVisualStudioVersion = 10.0.40219.1
Project("{8BC9CEB8-8B4A-11D0-8D11-00A0C91BC942}") = "Lab3", "Lab3\Lab3.vcxproj", "{63F282D9-2B11-4B74-9874-68886320DA02}"
EndProject
Global
	GlobalSection(SolutionConfigurationPlatforms) = preSolution
		Debug|x64 = Debug|x64
		Release|x64 = Release|x64
	EndGlobalSection
	GlobalSection(ProjectConfigurationPlatforms) = postSolution
		{63F282D9-2B11-4B74-9874-68886320DA02}.Debug|x64.ActiveCfg = Debug|x64
		{63F282D9-2B11-4B74-9874-68886320DA02}.Debug|x64.Build.0 = Debug|x64
		{63F282D9-2B11-4B74-9874-68886320DA02}.Release|x64.ActiveCfg = Release|x64
		{63F282D9-2B11-4B74-9874-68886320DA02}.Release|x64.Build.0 = Release|x64
	EndGlobalSection
	GlobalSection(SolutionProperties) = preSolution
		HideSolutionNode = FALSE
	EndGlobalSection
	GlobalSection(ExtensibilityGlobals) = postSolution
		SolutionGuid = {830FF443-A08C-48E0-B075-15F1D49A92E0}
	EndGlobalSection
EndGlobal
