<?xml version="1.0" encoding="utf-8"?>
<Project ToolsVersion="4.0" xmlns="http://schemas.microsoft.com/developer/msbuild/2003">
  <ItemGroup>
    <ClInclude Include="common.h" />
    <ClInclude Include="time.h" />
    <ClInclude Include="mqdb.h">
      <Filter>mqdbProd</Filter>
    </ClInclude>
  </ItemGroup>
  <ItemGroup>
    <Filter Include="mqdbProd">
      <UniqueIdentifier>{6eb52040-6eaa-4482-9c72-18cddc6c60e0}</UniqueIdentifier>
    </Filter>
  </ItemGroup>
  <ItemGroup>
    <CudaCompile Include="mqdb_prod.cu">
      <Filter>mqdbProd</Filter>
    </CudaCompile>
  </ItemGroup>
  <ItemGroup>
    <ClCompile Include="mqdb.cpp">
      <Filter>mqdbProd</Filter>
    </ClCompile>
  </ItemGroup>
</Project>